
Microsoft Visual Studio Solution File, Format Version 12.00
# Visual Studio Version 17
VisualStudioVersion = 17.3.32825.248
MinimumVisualStudioVersion = 10.0.40219.1
Project("{FAE04EC0-301F-11D3-BF4B-00C04F79EFBC}") = "Ado.netProject", "Ado.netProject\Ado.netProject.csproj", "{B662786D-604E-47C7-A3A9-4DDDF417406E}"
EndProject
Global
	GlobalSection(SolutionConfigurationPlatforms) = preSolution
		Debug|Any CPU = Debug|Any CPU
		Release|Any CPU = Release|Any CPU
	EndGlobalSection
	GlobalSection(ProjectConfigurationPlatforms) = postSolution
		{B662786D-604E-47C7-A3A9-4DDDF417406E}.Debug|Any CPU.ActiveCfg = Debug|Any CPU
		{B662786D-604E-47C7-A3A9-4DDDF417406E}.Debug|Any CPU.Build.0 = Debug|Any CPU
		{B662786D-604E-47C7-A3A9-4DDDF417406E}.Release|Any CPU.ActiveCfg = Release|Any CPU
		{B662786D-604E-47C7-A3A9-4DDDF417406E}.Release|Any CPU.Build.0 = Release|Any CPU
	EndGlobalSection
	GlobalSection(SolutionProperties) = preSolution
		HideSolutionNode = FALSE
	EndGlobalSection
	GlobalSection(ExtensibilityGlobals) = postSolution
		SolutionGuid = {16391082-D356-44F0-8BB6-E5CD4BBDDFA5}
	EndGlobalSection
EndGlobal
